
Microsoft Visual Studio Solution File, Format Version 12.00
# Visual Studio Version 16
VisualStudioVersion = 16.0.31410.357
MinimumVisualStudioVersion = 10.0.40219.1
Project("{FAE04EC0-301F-11D3-BF4B-00C04F79EFBC}") = "WallpaperChange", "WallpaperChange\WallpaperChange.csproj", "{49186BE2-65D3-4A7F-B5EC-C2C792BEC5BE}"
EndProject
Global
	GlobalSection(SolutionConfigurationPlatforms) = preSolution
		Debug|Any CPU = Debug|Any CPU
		Release|Any CPU = Release|Any CPU
	EndGlobalSection
	GlobalSection(ProjectConfigurationPlatforms) = postSolution
		{49186BE2-65D3-4A7F-B5EC-C2C792BEC5BE}.Debug|Any CPU.ActiveCfg = Debug|Any CPU
		{49186BE2-65D3-4A7F-B5EC-C2C792BEC5BE}.Debug|Any CPU.Build.0 = Debug|Any CPU
		{49186BE2-65D3-4A7F-B5EC-C2C792BEC5BE}.Release|Any CPU.ActiveCfg = Release|Any CPU
		{49186BE2-65D3-4A7F-B5EC-C2C792BEC5BE}.Release|Any CPU.Build.0 = Release|Any CPU
	EndGlobalSection
	GlobalSection(SolutionProperties) = preSolution
		HideSolutionNode = FALSE
	EndGlobalSection
	GlobalSection(ExtensibilityGlobals) = postSolution
		SolutionGuid = {ADBDDB5B-40CB-46B3-8EFB-D5A88629F574}
	EndGlobalSection
EndGlobal
